
Microsoft Visual Studio Solution File, Format Version 12.00
# Visual Studio 2012
Project("{FAE04EC0-301F-11D3-BF4B-00C04F79EFBC}") = "CNUSLib", "CNUSLib\CNUSLib.csproj", "{DF5EA630-B17E-4127-9A09-40B9E3683D13}"
EndProject
Global
	GlobalSection(SolutionConfigurationPlatforms) = preSolution
		Debug|Any CPU = Debug|Any CPU
		Release|Any CPU = Release|Any CPU
	EndGlobalSection
	GlobalSection(ProjectConfigurationPlatforms) = postSolution
		{DF5EA630-B17E-4127-9A09-40B9E3683D13}.Debug|Any CPU.ActiveCfg = Debug|Any CPU
		{DF5EA630-B17E-4127-9A09-40B9E3683D13}.Debug|Any CPU.Build.0 = Debug|Any CPU
		{DF5EA630-B17E-4127-9A09-40B9E3683D13}.Release|Any CPU.ActiveCfg = Release|Any CPU
		{DF5EA630-B17E-4127-9A09-40B9E3683D13}.Release|Any CPU.Build.0 = Release|Any CPU
	EndGlobalSection
	GlobalSection(SolutionProperties) = preSolution
		HideSolutionNode = FALSE
	EndGlobalSection
EndGlobal
